
Microsoft Visual Studio Solution File, Format Version 12.00
# Visual Studio Version 17
VisualStudioVersion = 17.9.34723.18
MinimumVisualStudioVersion = 10.0.40219.1
Project("{9A19103F-16F7-4668-BE54-9A1E7A4F7556}") = "LibraryKasir", "LibraryKasir\LibraryKasir.csproj", "{DA39999E-9812-4808-9737-ECDE1F20F331}"
EndProject
Project("{9A19103F-16F7-4668-BE54-9A1E7A4F7556}") = "API", "API\API.csproj", "{6CE18060-4A79-42DD-B3C3-055AAB48FDB1}"
EndProject
Project("{FAE04EC0-301F-11D3-BF4B-00C04F79EFBC}") = "ApliKasir-UI", "ApliKasir-UI\ApliKasir-UI.csproj", "{84FF2389-423C-4548-B2F0-B9ECDB344E6B}"
EndProject
Global
	GlobalSection(SolutionConfigurationPlatforms) = preSolution
		Debug|Any CPU = Debug|Any CPU
		Release|Any CPU = Release|Any CPU
	EndGlobalSection
	GlobalSection(ProjectConfigurationPlatforms) = postSolution
		{DA39999E-9812-4808-9737-ECDE1F20F331}.Debug|Any CPU.ActiveCfg = Debug|Any CPU
		{DA39999E-9812-4808-9737-ECDE1F20F331}.Debug|Any CPU.Build.0 = Debug|Any CPU
		{DA39999E-9812-4808-9737-ECDE1F20F331}.Release|Any CPU.ActiveCfg = Release|Any CPU
		{DA39999E-9812-4808-9737-ECDE1F20F331}.Release|Any CPU.Build.0 = Release|Any CPU
		{6CE18060-4A79-42DD-B3C3-055AAB48FDB1}.Debug|Any CPU.ActiveCfg = Debug|Any CPU
		{6CE18060-4A79-42DD-B3C3-055AAB48FDB1}.Debug|Any CPU.Build.0 = Debug|Any CPU
		{6CE18060-4A79-42DD-B3C3-055AAB48FDB1}.Release|Any CPU.ActiveCfg = Release|Any CPU
		{6CE18060-4A79-42DD-B3C3-055AAB48FDB1}.Release|Any CPU.Build.0 = Release|Any CPU
		{84FF2389-423C-4548-B2F0-B9ECDB344E6B}.Debug|Any CPU.ActiveCfg = Debug|Any CPU
		{84FF2389-423C-4548-B2F0-B9ECDB344E6B}.Debug|Any CPU.Build.0 = Debug|Any CPU
		{84FF2389-423C-4548-B2F0-B9ECDB344E6B}.Release|Any CPU.ActiveCfg = Release|Any CPU
		{84FF2389-423C-4548-B2F0-B9ECDB344E6B}.Release|Any CPU.Build.0 = Release|Any CPU
	EndGlobalSection
	GlobalSection(SolutionProperties) = preSolution
		HideSolutionNode = FALSE
	EndGlobalSection
	GlobalSection(ExtensibilityGlobals) = postSolution
		SolutionGuid = {F50AFF93-9F9E-452F-94A0-308C30474B84}
	EndGlobalSection
EndGlobal
